// !$*UTF8*$!
{
	archiveVersion = 1;
	classes = {
	};
	objectVersion = 56;
	objects = {

/* Begin PBXBuildFile section */
		5DFBDE7429D92CE6004E0B78 /* SampleAppOfMVVM_SwiftUIApp.swift in Sources */ = {isa = PBXBuildFile; fileRef = 5DFBDE7329D92CE6004E0B78 /* SampleAppOfMVVM_SwiftUIApp.swift */; };
		5DFBDE7629D92CE6004E0B78 /* ContentView.swift in Sources */ = {isa = PBXBuildFile; fileRef = 5DFBDE7529D92CE6004E0B78 /* ContentView.swift */; };
		5DFBDE7829D92CE8004E0B78 /* Assets.xcassets in Resources */ = {isa = PBXBuildFile; fileRef = 5DFBDE7729D92CE8004E0B78 /* Assets.xcassets */; };
		5DFBDE7B29D92CE8004E0B78 /* Preview Assets.xcassets in Resources */ = {isa = PBXBuildFile; fileRef = 5DFBDE7A29D92CE8004E0B78 /* Preview Assets.xcassets */; };
		5DFBDE8529D92CE9004E0B78 /* SampleAppOfMVVM_SwiftUITests.swift in Sources */ = {isa = PBXBuildFile; fileRef = 5DFBDE8429D92CE9004E0B78 /* SampleAppOfMVVM_SwiftUITests.swift */; };
		5DFBDE8F29D92CE9004E0B78 /* SampleAppOfMVVM_SwiftUIUITests.swift in Sources */ = {isa = PBXBuildFile; fileRef = 5DFBDE8E29D92CE9004E0B78 /* SampleAppOfMVVM_SwiftUIUITests.swift */; };
		5DFBDE9129D92CE9004E0B78 /* SampleAppOfMVVM_SwiftUIUITestsLaunchTests.swift in Sources */ = {isa = PBXBuildFile; fileRef = 5DFBDE9029D92CE9004E0B78 /* SampleAppOfMVVM_SwiftUIUITestsLaunchTests.swift */; };
/* End PBXBuildFile section */

/* Begin PBXContainerItemProxy section */
		5DFBDE8129D92CE9004E0B78 /* PBXContainerItemProxy */ = {
			isa = PBXContainerItemProxy;
			containerPortal = 5DFBDE6829D92CE6004E0B78 /* Project object */;
			proxyType = 1;
			remoteGlobalIDString = 5DFBDE6F29D92CE6004E0B78;
			remoteInfo = "SampleAppOfMVVM+SwiftUI";
		};
		5DFBDE8B29D92CE9004E0B78 /* PBXContainerItemProxy */ = {
			isa = PBXContainerItemProxy;
			containerPortal = 5DFBDE6829D92CE6004E0B78 /* Project object */;
			proxyType = 1;
			remoteGlobalIDString = 5DFBDE6F29D92CE6004E0B78;
			remoteInfo = "SampleAppOfMVVM+SwiftUI";
		};
/* End PBXContainerItemProxy section */

/* Begin PBXFileReference section */
		5DFBDE7029D92CE6004E0B78 /* SampleAppOfMVVM+SwiftUI.app */ = {isa = PBXFileReference; explicitFileType = wrapper.application; includeInIndex = 0; path = "SampleAppOfMVVM+SwiftUI.app"; sourceTree = BUILT_PRODUCTS_DIR; };
		5DFBDE7329D92CE6004E0B78 /* SampleAppOfMVVM_SwiftUIApp.swift */ = {isa = PBXFileReference; lastKnownFileType = sourcecode.swift; path = SampleAppOfMVVM_SwiftUIApp.swift; sourceTree = "<group>"; };
		5DFBDE7529D92CE6004E0B78 /* ContentView.swift */ = {isa = PBXFileReference; lastKnownFileType = sourcecode.swift; path = ContentView.swift; sourceTree = "<group>"; };
		5DFBDE7729D92CE8004E0B78 /* Assets.xcassets */ = {isa = PBXFileReference; lastKnownFileType = folder.assetcatalog; path = Assets.xcassets; sourceTree = "<group>"; };
		5DFBDE7A29D92CE8004E0B78 /* Preview Assets.xcassets */ = {isa = PBXFileReference; lastKnownFileType = folder.assetcatalog; path = "Preview Assets.xcassets"; sourceTree = "<group>"; };
		5DFBDE8029D92CE9004E0B78 /* SampleAppOfMVVM+SwiftUITests.xctest */ = {isa = PBXFileReference; explicitFileType = wrapper.cfbundle; includeInIndex = 0; path = "SampleAppOfMVVM+SwiftUITests.xctest"; sourceTree = BUILT_PRODUCTS_DIR; };
		5DFBDE8429D92CE9004E0B78 /* SampleAppOfMVVM_SwiftUITests.swift */ = {isa = PBXFileReference; lastKnownFileType = sourcecode.swift; path = SampleAppOfMVVM_SwiftUITests.swift; sourceTree = "<group>"; };
		5DFBDE8A29D92CE9004E0B78 /* SampleAppOfMVVM+SwiftUIUITests.xctest */ = {isa = PBXFileReference; explicitFileType = wrapper.cfbundle; includeInIndex = 0; path = "SampleAppOfMVVM+SwiftUIUITests.xctest"; sourceTree = BUILT_PRODUCTS_DIR; };
		5DFBDE8E29D92CE9004E0B78 /* SampleAppOfMVVM_SwiftUIUITests.swift */ = {isa = PBXFileReference; lastKnownFileType = sourcecode.swift; path = SampleAppOfMVVM_SwiftUIUITests.swift; sourceTree = "<group>"; };
		5DFBDE9029D92CE9004E0B78 /* SampleAppOfMVVM_SwiftUIUITestsLaunchTests.swift */ = {isa = PBXFileReference; lastKnownFileType = sourcecode.swift; path = SampleAppOfMVVM_SwiftUIUITestsLaunchTests.swift; sourceTree = "<group>"; };
/* End PBXFileReference section */

/* Begin PBXFrameworksBuildPhase section */
		5DFBDE6D29D92CE6004E0B78 /* Frameworks */ = {
			isa = PBXFrameworksBuildPhase;
			buildActionMask = 2147483647;
			files = (
			);
			runOnlyForDeploymentPostprocessing = 0;
		};
		5DFBDE7D29D92CE9004E0B78 /* Frameworks */ = {
			isa = PBXFrameworksBuildPhase;
			buildActionMask = 2147483647;
			files = (
			);
			runOnlyForDeploymentPostprocessing = 0;
		};
		5DFBDE8729D92CE9004E0B78 /* Frameworks */ = {
			isa = PBXFrameworksBuildPhase;
			buildActionMask = 2147483647;
			files = (
			);
			runOnlyForDeploymentPostprocessing = 0;
		};
/* End PBXFrameworksBuildPhase section */

/* Begin PBXGroup section */
		5DFBDE6729D92CE6004E0B78 = {
			isa = PBXGroup;
			children = (
				5DFBDE7229D92CE6004E0B78 /* SampleAppOfMVVM+SwiftUI */,
				5DFBDE8329D92CE9004E0B78 /* SampleAppOfMVVM+SwiftUITests */,
				5DFBDE8D29D92CE9004E0B78 /* SampleAppOfMVVM+SwiftUIUITests */,
				5DFBDE7129D92CE6004E0B78 /* Products */,
			);
			sourceTree = "<group>";
		};
		5DFBDE7129D92CE6004E0B78 /* Products */ = {
			isa = PBXGroup;
			children = (
				5DFBDE7029D92CE6004E0B78 /* SampleAppOfMVVM+SwiftUI.app */,
				5DFBDE8029D92CE9004E0B78 /* SampleAppOfMVVM+SwiftUITests.xctest */,
				5DFBDE8A29D92CE9004E0B78 /* SampleAppOfMVVM+SwiftUIUITests.xctest */,
			);
			name = Products;
			sourceTree = "<group>";
		};
		5DFBDE7229D92CE6004E0B78 /* SampleAppOfMVVM+SwiftUI */ = {
			isa = PBXGroup;
			children = (
				5DFBDE7329D92CE6004E0B78 /* SampleAppOfMVVM_SwiftUIApp.swift */,
				5DFBDE7529D92CE6004E0B78 /* ContentView.swift */,
				5DFBDE7729D92CE8004E0B78 /* Assets.xcassets */,
				5DFBDE7929D92CE8004E0B78 /* Preview Content */,
			);
			path = "SampleAppOfMVVM+SwiftUI";
			sourceTree = "<group>";
		};
		5DFBDE7929D92CE8004E0B78 /* Preview Content */ = {
			isa = PBXGroup;
			children = (
				5DFBDE7A29D92CE8004E0B78 /* Preview Assets.xcassets */,
			);
			path = "Preview Content";
			sourceTree = "<group>";
		};
		5DFBDE8329D92CE9004E0B78 /* SampleAppOfMVVM+SwiftUITests */ = {
			isa = PBXGroup;
			children = (
				5DFBDE8429D92CE9004E0B78 /* SampleAppOfMVVM_SwiftUITests.swift */,
			);
			path = "SampleAppOfMVVM+SwiftUITests";
			sourceTree = "<group>";
		};
		5DFBDE8D29D92CE9004E0B78 /* SampleAppOfMVVM+SwiftUIUITests */ = {
			isa = PBXGroup;
			children = (
				5DFBDE8E29D92CE9004E0B78 /* SampleAppOfMVVM_SwiftUIUITests.swift */,
				5DFBDE9029D92CE9004E0B78 /* SampleAppOfMVVM_SwiftUIUITestsLaunchTests.swift */,
			);
			path = "SampleAppOfMVVM+SwiftUIUITests";
			sourceTree = "<group>";
		};
/* End PBXGroup section */

/* Begin PBXNativeTarget section */
		5DFBDE6F29D92CE6004E0B78 /* SampleAppOfMVVM+SwiftUI */ = {
			isa = PBXNativeTarget;
			buildConfigurationList = 5DFBDE9429D92CE9004E0B78 /* Build configuration list for PBXNativeTarget "SampleAppOfMVVM+SwiftUI" */;
			buildPhases = (
				5DFBDE6C29D92CE6004E0B78 /* Sources */,
				5DFBDE6D29D92CE6004E0B78 /* Frameworks */,
				5DFBDE6E29D92CE6004E0B78 /* Resources */,
			);
			buildRules = (
			);
			dependencies = (
			);
			name = "SampleAppOfMVVM+SwiftUI";
			productName = "SampleAppOfMVVM+SwiftUI";
			productReference = 5DFBDE7029D92CE6004E0B78 /* SampleAppOfMVVM+SwiftUI.app */;
			productType = "com.apple.product-type.application";
		};
		5DFBDE7F29D92CE9004E0B78 /* SampleAppOfMVVM+SwiftUITests */ = {
			isa = PBXNativeTarget;
			buildConfigurationList = 5DFBDE9729D92CE9004E0B78 /* Build configuration list for PBXNativeTarget "SampleAppOfMVVM+SwiftUITests" */;
			buildPhases = (
				5DFBDE7C29D92CE9004E0B78 /* Sources */,
				5DFBDE7D29D92CE9004E0B78 /* Frameworks */,
				5DFBDE7E29D92CE9004E0B78 /* Resources */,
			);
			buildRules = (
			);
			dependencies = (
				5DFBDE8229D92CE9004E0B78 /* PBXTargetDependency */,
			);
			name = "SampleAppOfMVVM+SwiftUITests";
			productName = "SampleAppOfMVVM+SwiftUITests";
			productReference = 5DFBDE8029D92CE9004E0B78 /* SampleAppOfMVVM+SwiftUITests.xctest */;
			productType = "com.apple.product-type.bundle.unit-test";
		};
		5DFBDE8929D92CE9004E0B78 /* SampleAppOfMVVM+SwiftUIUITests */ = {
			isa = PBXNativeTarget;
			buildConfigurationList = 5DFBDE9A29D92CE9004E0B78 /* Build configuration list for PBXNativeTarget "SampleAppOfMVVM+SwiftUIUITests" */;
			buildPhases = (
				5DFBDE8629D92CE9004E0B78 /* Sources */,
				5DFBDE8729D92CE9004E0B78 /* Frameworks */,
				5DFBDE8829D92CE9004E0B78 /* Resources */,
			);
			buildRules = (
			);
			dependencies = (
				5DFBDE8C29D92CE9004E0B78 /* PBXTargetDependency */,
			);
			name = "SampleAppOfMVVM+SwiftUIUITests";
			productName = "SampleAppOfMVVM+SwiftUIUITests";
			productReference = 5DFBDE8A29D92CE9004E0B78 /* SampleAppOfMVVM+SwiftUIUITests.xctest */;
			productType = "com.apple.product-type.bundle.ui-testing";
		};
/* End PBXNativeTarget section */

/* Begin PBXProject section */
		5DFBDE6829D92CE6004E0B78 /* Project object */ = {
			isa = PBXProject;
			attributes = {
				BuildIndependentTargetsInParallel = 1;
				LastSwiftUpdateCheck = 1400;
				LastUpgradeCheck = 1400;
				TargetAttributes = {
					5DFBDE6F29D92CE6004E0B78 = {
						CreatedOnToolsVersion = 14.0;
					};
					5DFBDE7F29D92CE9004E0B78 = {
						CreatedOnToolsVersion = 14.0;
						TestTargetID = 5DFBDE6F29D92CE6004E0B78;
					};
					5DFBDE8929D92CE9004E0B78 = {
						CreatedOnToolsVersion = 14.0;
						TestTargetID = 5DFBDE6F29D92CE6004E0B78;
					};
				};
			};
			buildConfigurationList = 5DFBDE6B29D92CE6004E0B78 /* Build configuration list for PBXProject "SampleAppOfMVVM+SwiftUI" */;
			compatibilityVersion = "Xcode 14.0";
			developmentRegion = en;
			hasScannedForEncodings = 0;
			knownRegions = (
				en,
				Base,
			);
			mainGroup = 5DFBDE6729D92CE6004E0B78;
			productRefGroup = 5DFBDE7129D92CE6004E0B78 /* Products */;
			projectDirPath = "";
			projectRoot = "";
			targets = (
				5DFBDE6F29D92CE6004E0B78 /* SampleAppOfMVVM+SwiftUI */,
				5DFBDE7F29D92CE9004E0B78 /* SampleAppOfMVVM+SwiftUITests */,
				5DFBDE8929D92CE9004E0B78 /* SampleAppOfMVVM+SwiftUIUITests */,
			);
		};
/* End PBXProject section */

/* Begin PBXResourcesBuildPhase section */
		5DFBDE6E29D92CE6004E0B78 /* Resources */ = {
			isa = PBXResourcesBuildPhase;
			buildActionMask = 2147483647;
			files = (
				5DFBDE7B29D92CE8004E0B78 /* Preview Assets.xcassets in Resources */,
				5DFBDE7829D92CE8004E0B78 /* Assets.xcassets in Resources */,
			);
			runOnlyForDeploymentPostprocessing = 0;
		};
		5DFBDE7E29D92CE9004E0B78 /* Resources */ = {
			isa = PBXResourcesBuildPhase;
			buildActionMask = 2147483647;
			files = (
			);
			runOnlyForDeploymentPostprocessing = 0;
		};
		5DFBDE8829D92CE9004E0B78 /* Resources */ = {
			isa = PBXResourcesBuildPhase;
			buildActionMask = 2147483647;
			files = (
			);
			runOnlyForDeploymentPostprocessing = 0;
		};
/* End PBXResourcesBuildPhase section */

/* Begin PBXSourcesBuildPhase section */
		5DFBDE6C29D92CE6004E0B78 /* Sources */ = {
			isa = PBXSourcesBuildPhase;
			buildActionMask = 2147483647;
			files = (
				5DFBDE7629D92CE6004E0B78 /* ContentView.swift in Sources */,
				5DFBDE7429D92CE6004E0B78 /* SampleAppOfMVVM_SwiftUIApp.swift in Sources */,
			);
			runOnlyForDeploymentPostprocessing = 0;
		};
		5DFBDE7C29D92CE9004E0B78 /* Sources */ = {
			isa = PBXSourcesBuildPhase;
			buildActionMask = 2147483647;
			files = (
				5DFBDE8529D92CE9004E0B78 /* SampleAppOfMVVM_SwiftUITests.swift in Sources */,
			);
			runOnlyForDeploymentPostprocessing = 0;
		};
		5DFBDE8629D92CE9004E0B78 /* Sources */ = {
			isa = PBXSourcesBuildPhase;
			buildActionMask = 2147483647;
			files = (
				5DFBDE8F29D92CE9004E0B78 /* SampleAppOfMVVM_SwiftUIUITests.swift in Sources */,
				5DFBDE9129D92CE9004E0B78 /* SampleAppOfMVVM_SwiftUIUITestsLaunchTests.swift in Sources */,
			);
			runOnlyForDeploymentPostprocessing = 0;
		};
/* End PBXSourcesBuildPhase section */

/* Begin PBXTargetDependency section */
		5DFBDE8229D92CE9004E0B78 /* PBXTargetDependency */ = {
			isa = PBXTargetDependency;
			target = 5DFBDE6F29D92CE6004E0B78 /* SampleAppOfMVVM+SwiftUI */;
			targetProxy = 5DFBDE8129D92CE9004E0B78 /* PBXContainerItemProxy */;
		};
		5DFBDE8C29D92CE9004E0B78 /* PBXTargetDependency */ = {
			isa = PBXTargetDependency;
			target = 5DFBDE6F29D92CE6004E0B78 /* SampleAppOfMVVM+SwiftUI */;
			targetProxy = 5DFBDE8B29D92CE9004E0B78 /* PBXContainerItemProxy */;
		};
/* End PBXTargetDependency section */

/* Begin XCBuildConfiguration section */
		5DFBDE9229D92CE9004E0B78 /* Debug */ = {
			isa = XCBuildConfiguration;
			buildSettings = {
				ALWAYS_SEARCH_USER_PATHS = NO;
				CLANG_ANALYZER_NONNULL = YES;
				CLANG_ANALYZER_NUMBER_OBJECT_CONVERSION = YES_AGGRESSIVE;
				CLANG_CXX_LANGUAGE_STANDARD = "gnu++20";
				CLANG_ENABLE_MODULES = YES;
				CLANG_ENABLE_OBJC_ARC = YES;
				CLANG_ENABLE_OBJC_WEAK = YES;
				CLANG_WARN_BLOCK_CAPTURE_AUTORELEASING = YES;
				CLANG_WARN_BOOL_CONVERSION = YES;
				CLANG_WARN_COMMA = YES;
				CLANG_WARN_CONSTANT_CONVERSION = YES;
				CLANG_WARN_DEPRECATED_OBJC_IMPLEMENTATIONS = YES;
				CLANG_WARN_DIRECT_OBJC_ISA_USAGE = YES_ERROR;
				CLANG_WARN_DOCUMENTATION_COMMENTS = YES;
				CLANG_WARN_EMPTY_BODY = YES;
				CLANG_WARN_ENUM_CONVERSION = YES;
				CLANG_WARN_INFINITE_RECURSION = YES;
				CLANG_WARN_INT_CONVERSION = YES;
				CLANG_WARN_NON_LITERAL_NULL_CONVERSION = YES;
				CLANG_WARN_OBJC_IMPLICIT_RETAIN_SELF = YES;
				CLANG_WARN_OBJC_LITERAL_CONVERSION = YES;
				CLANG_WARN_OBJC_ROOT_CLASS = YES_ERROR;
				CLANG_WARN_QUOTED_INCLUDE_IN_FRAMEWORK_HEADER = YES;
				CLANG_WARN_RANGE_LOOP_ANALYSIS = YES;
				CLANG_WARN_STRICT_PROTOTYPES = YES;
				CLANG_WARN_SUSPICIOUS_MOVE = YES;
				CLANG_WARN_UNGUARDED_AVAILABILITY = YES_AGGRESSIVE;
				CLANG_WARN_UNREACHABLE_CODE = YES;
				CLANG_WARN__DUPLICATE_METHOD_MATCH = YES;
				COPY_PHASE_STRIP = NO;
				DEBUG_INFORMATION_FORMAT = dwarf;
				ENABLE_STRICT_OBJC_MSGSEND = YES;
				ENABLE_TESTABILITY = YES;
				GCC_C_LANGUAGE_STANDARD = gnu11;
				GCC_DYNAMIC_NO_PIC = NO;
				GCC_NO_COMMON_BLOCKS = YES;
				GCC_OPTIMIZATION_LEVEL = 0;
				GCC_PREPROCESSOR_DEFINITIONS = (
					"DEBUG=1",
					"$(inherited)",
				);
				GCC_WARN_64_TO_32_BIT_CONVERSION = YES;
				GCC_WARN_ABOUT_RETURN_TYPE = YES_ERROR;
				GCC_WARN_UNDECLARED_SELECTOR = YES;
				GCC_WARN_UNINITIALIZED_AUTOS = YES_AGGRESSIVE;
				GCC_WARN_UNUSED_FUNCTION = YES;
				GCC_WARN_UNUSED_VARIABLE = YES;
				IPHONEOS_DEPLOYMENT_TARGET = 16.0;
				MTL_ENABLE_DEBUG_INFO = INCLUDE_SOURCE;
				MTL_FAST_MATH = YES;
				ONLY_ACTIVE_ARCH = YES;
				SDKROOT = iphoneos;
				SWIFT_ACTIVE_COMPILATION_CONDITIONS = DEBUG;
				SWIFT_OPTIMIZATION_LEVEL = "-Onone";
			};
			name = Debug;
		};
		5DFBDE9329D92CE9004E0B78 /* Release */ = {
			isa = XCBuildConfiguration;
			buildSettings = {
				ALWAYS_SEARCH_USER_PATHS = NO;
				CLANG_ANALYZER_NONNULL = YES;
				CLANG_ANALYZER_NUMBER_OBJECT_CONVERSION = YES_AGGRESSIVE;
				CLANG_CXX_LANGUAGE_STANDARD = "gnu++20";
				CLANG_ENABLE_MODULES = YES;
				CLANG_ENABLE_OBJC_ARC = YES;
				CLANG_ENABLE_OBJC_WEAK = YES;
				CLANG_WARN_BLOCK_CAPTURE_AUTORELEASING = YES;
				CLANG_WARN_BOOL_CONVERSION = YES;
				CLANG_WARN_COMMA = YES;
				CLANG_WARN_CONSTANT_CONVERSION = YES;
				CLANG_WARN_DEPRECATED_OBJC_IMPLEMENTATIONS = YES;
				CLANG_WARN_DIRECT_OBJC_ISA_USAGE = YES_ERROR;
				CLANG_WARN_DOCUMENTATION_COMMENTS = YES;
				CLANG_WARN_EMPTY_BODY = YES;
				CLANG_WARN_ENUM_CONVERSION = YES;
				CLANG_WARN_INFINITE_RECURSION = YES;
				CLANG_WARN_INT_CONVERSION = YES;
				CLANG_WARN_NON_LITERAL_NULL_CONVERSION = YES;
				CLANG_WARN_OBJC_IMPLICIT_RETAIN_SELF = YES;
				CLANG_WARN_OBJC_LITERAL_CONVERSION = YES;
				CLANG_WARN_OBJC_ROOT_CLASS = YES_ERROR;
				CLANG_WARN_QUOTED_INCLUDE_IN_FRAMEWORK_HEADER = YES;
				CLANG_WARN_RANGE_LOOP_ANALYSIS = YES;
				CLANG_WARN_STRICT_PROTOTYPES = YES;
				CLANG_WARN_SUSPICIOUS_MOVE = YES;
				CLANG_WARN_UNGUARDED_AVAILABILITY = YES_AGGRESSIVE;
				CLANG_WARN_UNREACHABLE_CODE = YES;
				CLANG_WARN__DUPLICATE_METHOD_MATCH = YES;
				COPY_PHASE_STRIP = NO;
				DEBUG_INFORMATION_FORMAT = "dwarf-with-dsym";
				ENABLE_NS_ASSERTIONS = NO;
				ENABLE_STRICT_OBJC_MSGSEND = YES;
				GCC_C_LANGUAGE_STANDARD = gnu11;
				GCC_NO_COMMON_BLOCKS = YES;
				GCC_WARN_64_TO_32_BIT_CONVERSION = YES;
				GCC_WARN_ABOUT_RETURN_TYPE = YES_ERROR;
				GCC_WARN_UNDECLARED_SELECTOR = YES;
				GCC_WARN_UNINITIALIZED_AUTOS = YES_AGGRESSIVE;
				GCC_WARN_UNUSED_FUNCTION = YES;
				GCC_WARN_UNUSED_VARIABLE = YES;
				IPHONEOS_DEPLOYMENT_TARGET = 16.0;
				MTL_ENABLE_DEBUG_INFO = NO;
				MTL_FAST_MATH = YES;
				SDKROOT = iphoneos;
				SWIFT_COMPILATION_MODE = wholemodule;
				SWIFT_OPTIMIZATION_LEVEL = "-O";
				VALIDATE_PRODUCT = YES;
			};
			name = Release;
		};
		5DFBDE9529D92CE9004E0B78 /* Debug */ = {
			isa = XCBuildConfiguration;
			buildSettings = {
				ASSETCATALOG_COMPILER_APPICON_NAME = AppIcon;
				ASSETCATALOG_COMPILER_GLOBAL_ACCENT_COLOR_NAME = AccentColor;
				CODE_SIGN_STYLE = Automatic;
				CURRENT_PROJECT_VERSION = 1;
				DEVELOPMENT_ASSET_PATHS = "\"SampleAppOfMVVM+SwiftUI/Preview Content\"";
				DEVELOPMENT_TEAM = XP8M87ULF2;
				ENABLE_PREVIEWS = YES;
				GENERATE_INFOPLIST_FILE = YES;
				INFOPLIST_KEY_UIApplicationSceneManifest_Generation = YES;
				INFOPLIST_KEY_UIApplicationSupportsIndirectInputEvents = YES;
				INFOPLIST_KEY_UILaunchScreen_Generation = YES;
				INFOPLIST_KEY_UISupportedInterfaceOrientations_iPad = "UIInterfaceOrientationPortrait UIInterfaceOrientationPortraitUpsideDown UIInterfaceOrientationLandscapeLeft UIInterfaceOrientationLandscapeRight";
				INFOPLIST_KEY_UISupportedInterfaceOrientations_iPhone = "UIInterfaceOrientationPortrait UIInterfaceOrientationLandscapeLeft UIInterfaceOrientationLandscapeRight";
				LD_RUNPATH_SEARCH_PATHS = (
					"$(inherited)",
					"@executable_path/Frameworks",
				);
				MARKETING_VERSION = 1.0;
				PRODUCT_BUNDLE_IDENTIFIER = "com.shohiiiiiii.SampleAppOfMVVM-SwiftUI";
				PRODUCT_NAME = "$(TARGET_NAME)";
				SWIFT_EMIT_LOC_STRINGS = YES;
				SWIFT_VERSION = 5.0;
				TARGETED_DEVICE_FAMILY = "1,2";
			};
			name = Debug;
		};
		5DFBDE9629D92CE9004E0B78 /* Release */ = {
			isa = XCBuildConfiguration;
			buildSettings = {
				ASSETCATALOG_COMPILER_APPICON_NAME = AppIcon;
				ASSETCATALOG_COMPILER_GLOBAL_ACCENT_COLOR_NAME = AccentColor;
				CODE_SIGN_STYLE = Automatic;
				CURRENT_PROJECT_VERSION = 1;
				DEVELOPMENT_ASSET_PATHS = "\"SampleAppOfMVVM+SwiftUI/Preview Content\"";
				DEVELOPMENT_TEAM = XP8M87ULF2;
				ENABLE_PREVIEWS = YES;
				GENERATE_INFOPLIST_FILE = YES;
				INFOPLIST_KEY_UIApplicationSceneManifest_Generation = YES;
				INFOPLIST_KEY_UIApplicationSupportsIndirectInputEvents = YES;
				INFOPLIST_KEY_UILaunchScreen_Generation = YES;
				INFOPLIST_KEY_UISupportedInterfaceOrientations_iPad = "UIInterfaceOrientationPortrait UIInterfaceOrientationPortraitUpsideDown UIInterfaceOrientationLandscapeLeft UIInterfaceOrientationLandscapeRight";
				INFOPLIST_KEY_UISupportedInterfaceOrientations_iPhone = "UIInterfaceOrientationPortrait UIInterfaceOrientationLandscapeLeft UIInterfaceOrientationLandscapeRight";
				LD_RUNPATH_SEARCH_PATHS = (
					"$(inherited)",
					"@executable_path/Frameworks",
				);
				MARKETING_VERSION = 1.0;
				PRODUCT_BUNDLE_IDENTIFIER = "com.shohiiiiiii.SampleAppOfMVVM-SwiftUI";
				PRODUCT_NAME = "$(TARGET_NAME)";
				SWIFT_EMIT_LOC_STRINGS = YES;
				SWIFT_VERSION = 5.0;
				TARGETED_DEVICE_FAMILY = "1,2";
			};
			name = Release;
		};
		5DFBDE9829D92CE9004E0B78 /* Debug */ = {
			isa = XCBuildConfiguration;
			buildSettings = {
				ALWAYS_EMBED_SWIFT_STANDARD_LIBRARIES = YES;
				BUNDLE_LOADER = "$(TEST_HOST)";
				CODE_SIGN_STYLE = Automatic;
				CURRENT_PROJECT_VERSION = 1;
				DEVELOPMENT_TEAM = XP8M87ULF2;
				GENERATE_INFOPLIST_FILE = YES;
				IPHONEOS_DEPLOYMENT_TARGET = 16.0;
				MARKETING_VERSION = 1.0;
				PRODUCT_BUNDLE_IDENTIFIER = "com.shohiiiiiii.SampleAppOfMVVM-SwiftUITests";
				PRODUCT_NAME = "$(TARGET_NAME)";
				SWIFT_EMIT_LOC_STRINGS = NO;
				SWIFT_VERSION = 5.0;
				TARGETED_DEVICE_FAMILY = "1,2";
				TEST_HOST = "$(BUILT_PRODUCTS_DIR)/SampleAppOfMVVM+SwiftUI.app/$(BUNDLE_EXECUTABLE_FOLDER_PATH)/SampleAppOfMVVM+SwiftUI";
			};
			name = Debug;
		};
		5DFBDE9929D92CE9004E0B78 /* Release */ = {
			isa = XCBuildConfiguration;
			buildSettings = {
				ALWAYS_EMBED_SWIFT_STANDARD_LIBRARIES = YES;
				BUNDLE_LOADER = "$(TEST_HOST)";
				CODE_SIGN_STYLE = Automatic;
				CURRENT_PROJECT_VERSION = 1;
				DEVELOPMENT_TEAM = XP8M87ULF2;
				GENERATE_INFOPLIST_FILE = YES;
				IPHONEOS_DEPLOYMENT_TARGET = 16.0;
				MARKETING_VERSION = 1.0;
				PRODUCT_BUNDLE_IDENTIFIER = "com.shohiiiiiii.SampleAppOfMVVM-SwiftUITests";
				PRODUCT_NAME = "$(TARGET_NAME)";
				SWIFT_EMIT_LOC_STRINGS = NO;
				SWIFT_VERSION = 5.0;
				TARGETED_DEVICE_FAMILY = "1,2";
				TEST_HOST = "$(BUILT_PRODUCTS_DIR)/SampleAppOfMVVM+SwiftUI.app/$(BUNDLE_EXECUTABLE_FOLDER_PATH)/SampleAppOfMVVM+SwiftUI";
			};
			name = Release;
		};
		5DFBDE9B29D92CE9004E0B78 /* Debug */ = {
			isa = XCBuildConfiguration;
			buildSettings = {
				ALWAYS_EMBED_SWIFT_STANDARD_LIBRARIES = YES;
				CODE_SIGN_STYLE = Automatic;
				CURRENT_PROJECT_VERSION = 1;
				DEVELOPMENT_TEAM = XP8M87ULF2;
				GENERATE_INFOPLIST_FILE = YES;
				MARKETING_VERSION = 1.0;
				PRODUCT_BUNDLE_IDENTIFIER = "com.shohiiiiiii.SampleAppOfMVVM-SwiftUIUITests";
				PRODUCT_NAME = "$(TARGET_NAME)";
				SWIFT_EMIT_LOC_STRINGS = NO;
				SWIFT_VERSION = 5.0;
				TARGETED_DEVICE_FAMILY = "1,2";
				TEST_TARGET_NAME = "SampleAppOfMVVM+SwiftUI";
			};
			name = Debug;
		};
		5DFBDE9C29D92CE9004E0B78 /* Release */ = {
			isa = XCBuildConfiguration;
			buildSettings = {
				ALWAYS_EMBED_SWIFT_STANDARD_LIBRARIES = YES;
				CODE_SIGN_STYLE = Automatic;
				CURRENT_PROJECT_VERSION = 1;
				DEVELOPMENT_TEAM = XP8M87ULF2;
				GENERATE_INFOPLIST_FILE = YES;
				MARKETING_VERSION = 1.0;
				PRODUCT_BUNDLE_IDENTIFIER = "com.shohiiiiiii.SampleAppOfMVVM-SwiftUIUITests";
				PRODUCT_NAME = "$(TARGET_NAME)";
				SWIFT_EMIT_LOC_STRINGS = NO;
				SWIFT_VERSION = 5.0;
				TARGETED_DEVICE_FAMILY = "1,2";
				TEST_TARGET_NAME = "SampleAppOfMVVM+SwiftUI";
			};
			name = Release;
		};
/* End XCBuildConfiguration section */

/* Begin XCConfigurationList section */
		5DFBDE6B29D92CE6004E0B78 /* Build configuration list for PBXProject "SampleAppOfMVVM+SwiftUI" */ = {
			isa = XCConfigurationList;
			buildConfigurations = (
				5DFBDE9229D92CE9004E0B78 /* Debug */,
				5DFBDE9329D92CE9004E0B78 /* Release */,
			);
			defaultConfigurationIsVisible = 0;
			defaultConfigurationName = Release;
		};
		5DFBDE9429D92CE9004E0B78 /* Build configuration list for PBXNativeTarget "SampleAppOfMVVM+SwiftUI" */ = {
			isa = XCConfigurationList;
			buildConfigurations = (
				5DFBDE9529D92CE9004E0B78 /* Debug */,
				5DFBDE9629D92CE9004E0B78 /* Release */,
			);
			defaultConfigurationIsVisible = 0;
			defaultConfigurationName = Release;
		};
		5DFBDE9729D92CE9004E0B78 /* Build configuration list for PBXNativeTarget "SampleAppOfMVVM+SwiftUITests" */ = {
			isa = XCConfigurationList;
			buildConfigurations = (
				5DFBDE9829D92CE9004E0B78 /* Debug */,
				5DFBDE9929D92CE9004E0B78 /* Release */,
			);
			defaultConfigurationIsVisible = 0;
			defaultConfigurationName = Release;
		};
		5DFBDE9A29D92CE9004E0B78 /* Build configuration list for PBXNativeTarget "SampleAppOfMVVM+SwiftUIUITests" */ = {
			isa = XCConfigurationList;
			buildConfigurations = (
				5DFBDE9B29D92CE9004E0B78 /* Debug */,
				5DFBDE9C29D92CE9004E0B78 /* Release */,
			);
			defaultConfigurationIsVisible = 0;
			defaultConfigurationName = Release;
		};
/* End XCConfigurationList section */
	};
	rootObject = 5DFBDE6829D92CE6004E0B78 /* Project object */;
}
